
Microsoft Visual Studio Solution File, Format Version 12.00
# Visual Studio Version 16
VisualStudioVersion = 16.0.32126.315
MinimumVisualStudioVersion = 10.0.40219.1
Project("{FAE04EC0-301F-11D3-BF4B-00C04F79EFBC}") = "CSharpAssignment", "CSharpAssignment\CSharpAssignment.csproj", "{80182371-7CEE-48C5-8BE7-D1BEA4708F77}"
EndProject
Project("{FAE04EC0-301F-11D3-BF4B-00C04F79EFBC}") = "Exercise3", "Exercise3\Exercise3.csproj", "{03C6BD21-6DAB-4B3D-AF20-F49C4D45A3CA}"
EndProject
Project("{FAE04EC0-301F-11D3-BF4B-00C04F79EFBC}") = "Exercise 16", "Exercise 16\Exercise 16.csproj", "{BD238FF2-5A4D-45E5-ACC9-EF46F42C1EB0}"
EndProject
Project("{FAE04EC0-301F-11D3-BF4B-00C04F79EFBC}") = "Exercise 12", "EXERCISE12\Exercise 12.csproj", "{928B8638-9242-4796-9B4B-4C217A3B88B9}"
EndProject
Project("{FAE04EC0-301F-11D3-BF4B-00C04F79EFBC}") = "Exercise13", "Exercise13\Exercise13.csproj", "{A1294E26-C2F7-48BC-B969-975B4C5D8502}"
EndProject
Project("{FAE04EC0-301F-11D3-BF4B-00C04F79EFBC}") = "Exercise-1A1", "Exercise-1A1\Exercise-1A1.csproj", "{6EA8F166-59DB-4DD5-913C-88E2389D2D88}"
EndProject
Project("{FAE04EC0-301F-11D3-BF4B-00C04F79EFBC}") = "Exercise 1A2", "Exercise 1A2\Exercise 1A2.csproj", "{22939BE5-2586-47AA-B3F7-2418B982A020}"
EndProject
Project("{FAE04EC0-301F-11D3-BF4B-00C04F79EFBC}") = "Exercise 1A3", "Exercise 1A3\Exercise 1A3.csproj", "{0B57277E-F14E-44EF-8374-8F353CAB3CE9}"
EndProject
Project("{FAE04EC0-301F-11D3-BF4B-00C04F79EFBC}") = "Exercise 1B1", "Exercise 1B1\Exercise 1B1.csproj", "{334B2246-8E27-49DA-A7C6-E3AEBD31A905}"
EndProject
Project("{FAE04EC0-301F-11D3-BF4B-00C04F79EFBC}") = "Exercise 1B2", "Exercise 1B2\Exercise 1B2.csproj", "{9274ACEA-B20A-45DC-84C4-3ED4AB259337}"
EndProject
Project("{FAE04EC0-301F-11D3-BF4B-00C04F79EFBC}") = "Exercise 1B3", "Exercise 1B3\Exercise 1B3.csproj", "{A1056AFB-4480-41E5-9E0C-7416BB9E3ECF}"
EndProject
Project("{FAE04EC0-301F-11D3-BF4B-00C04F79EFBC}") = "Exercise 1C1", "Exercise 1C1\Exercise 1C1.csproj", "{6187EF1D-A11E-4283-BCEF-3FE4471FA92E}"
EndProject
Project("{FAE04EC0-301F-11D3-BF4B-00C04F79EFBC}") = "Exercise 1C2", "Exercise 1C2\Exercise 1C2.csproj", "{92315FBF-078B-465C-9237-159EF2A73C4E}"
EndProject
Project("{FAE04EC0-301F-11D3-BF4B-00C04F79EFBC}") = "Exercise 2", "Exercise 2\Exercise 2.csproj", "{83DE80AE-782D-494F-A61F-A655471E64DC}"
EndProject
Project("{FAE04EC0-301F-11D3-BF4B-00C04F79EFBC}") = "Exercise 17", "Exercise 17\Exercise 17.csproj", "{0584B7AB-1458-4D34-BC90-19C14A3DE6CC}"
EndProject
Project("{FAE04EC0-301F-11D3-BF4B-00C04F79EFBC}") = "Exercise 14", "Exercise 14\Exercise 14.csproj", "{FFC5233C-1185-4EFC-90CC-42DC4F36C3A3}"
EndProject
Project("{FAE04EC0-301F-11D3-BF4B-00C04F79EFBC}") = "Exercise 4", "..\Exercise 4\Exercise 4.csproj", "{0F1C599B-4B9A-4DD6-8EEA-86B1AEA8D25C}"
EndProject
Project("{FAE04EC0-301F-11D3-BF4B-00C04F79EFBC}") = "Exercise 5", "Exercise 5\Exercise 5.csproj", "{7E113259-4B35-4285-9BE1-A40FBDEEA6FF}"
EndProject
Project("{FAE04EC0-301F-11D3-BF4B-00C04F79EFBC}") = "Exercise 6", "Exercise 6\Exercise 6.csproj", "{B54C91B7-44C3-4DBB-81F9-F1489FDFB6C5}"
EndProject
Project("{FAE04EC0-301F-11D3-BF4B-00C04F79EFBC}") = "Exercise 7", "Exercise 7\Exercise 7.csproj", "{EC941597-C0F0-4692-8296-0FAF01D8B768}"
EndProject
Project("{FAE04EC0-301F-11D3-BF4B-00C04F79EFBC}") = "Exercise 11", "Exercise 11\Exercise 11.csproj", "{3973C6E5-625A-4C17-89EA-4F0E973C7B7E}"
EndProject
Project("{FAE04EC0-301F-11D3-BF4B-00C04F79EFBC}") = "Exercise 8", "Exercise 8\Exercise 8.csproj", "{1FFE6060-8C6D-4856-A5E5-F61366EA3822}"
EndProject
Project("{FAE04EC0-301F-11D3-BF4B-00C04F79EFBC}") = "Excercise 15", "Excercise 15\Excercise 15.csproj", "{9ABBEA87-C95F-41AA-B132-E5C6A7762FE6}"
EndProject
Project("{FAE04EC0-301F-11D3-BF4B-00C04F79EFBC}") = "Excersice 9", "Excersice 9\Excersice 9.csproj", "{20351705-0E2C-48C4-B110-384613D25357}"
EndProject
Project("{FAE04EC0-301F-11D3-BF4B-00C04F79EFBC}") = "Exersise 10", "Exersise 10\Exersise 10.csproj", "{074C682E-B733-4767-BA5A-FA05C9B26C22}"
EndProject
Global
	GlobalSection(SolutionConfigurationPlatforms) = preSolution
		Debug|Any CPU = Debug|Any CPU
		Release|Any CPU = Release|Any CPU
	EndGlobalSection
	GlobalSection(ProjectConfigurationPlatforms) = postSolution
		{80182371-7CEE-48C5-8BE7-D1BEA4708F77}.Debug|Any CPU.ActiveCfg = Debug|Any CPU
		{80182371-7CEE-48C5-8BE7-D1BEA4708F77}.Debug|Any CPU.Build.0 = Debug|Any CPU
		{80182371-7CEE-48C5-8BE7-D1BEA4708F77}.Release|Any CPU.ActiveCfg = Release|Any CPU
		{80182371-7CEE-48C5-8BE7-D1BEA4708F77}.Release|Any CPU.Build.0 = Release|Any CPU
		{03C6BD21-6DAB-4B3D-AF20-F49C4D45A3CA}.Debug|Any CPU.ActiveCfg = Debug|Any CPU
		{03C6BD21-6DAB-4B3D-AF20-F49C4D45A3CA}.Debug|Any CPU.Build.0 = Debug|Any CPU
		{03C6BD21-6DAB-4B3D-AF20-F49C4D45A3CA}.Release|Any CPU.ActiveCfg = Release|Any CPU
		{03C6BD21-6DAB-4B3D-AF20-F49C4D45A3CA}.Release|Any CPU.Build.0 = Release|Any CPU
		{BD238FF2-5A4D-45E5-ACC9-EF46F42C1EB0}.Debug|Any CPU.ActiveCfg = Debug|Any CPU
		{BD238FF2-5A4D-45E5-ACC9-EF46F42C1EB0}.Debug|Any CPU.Build.0 = Debug|Any CPU
		{BD238FF2-5A4D-45E5-ACC9-EF46F42C1EB0}.Release|Any CPU.ActiveCfg = Release|Any CPU
		{BD238FF2-5A4D-45E5-ACC9-EF46F42C1EB0}.Release|Any CPU.Build.0 = Release|Any CPU
		{928B8638-9242-4796-9B4B-4C217A3B88B9}.Debug|Any CPU.ActiveCfg = Debug|Any CPU
		{928B8638-9242-4796-9B4B-4C217A3B88B9}.Debug|Any CPU.Build.0 = Debug|Any CPU
		{928B8638-9242-4796-9B4B-4C217A3B88B9}.Release|Any CPU.ActiveCfg = Release|Any CPU
		{928B8638-9242-4796-9B4B-4C217A3B88B9}.Release|Any CPU.Build.0 = Release|Any CPU
		{A1294E26-C2F7-48BC-B969-975B4C5D8502}.Debug|Any CPU.ActiveCfg = Debug|Any CPU
		{A1294E26-C2F7-48BC-B969-975B4C5D8502}.Debug|Any CPU.Build.0 = Debug|Any CPU
		{A1294E26-C2F7-48BC-B969-975B4C5D8502}.Release|Any CPU.ActiveCfg = Release|Any CPU
		{A1294E26-C2F7-48BC-B969-975B4C5D8502}.Release|Any CPU.Build.0 = Release|Any CPU
		{6EA8F166-59DB-4DD5-913C-88E2389D2D88}.Debug|Any CPU.ActiveCfg = Debug|Any CPU
		{6EA8F166-59DB-4DD5-913C-88E2389D2D88}.Debug|Any CPU.Build.0 = Debug|Any CPU
		{6EA8F166-59DB-4DD5-913C-88E2389D2D88}.Release|Any CPU.ActiveCfg = Release|Any CPU
		{6EA8F166-59DB-4DD5-913C-88E2389D2D88}.Release|Any CPU.Build.0 = Release|Any CPU
		{22939BE5-2586-47AA-B3F7-2418B982A020}.Debug|Any CPU.ActiveCfg = Debug|Any CPU
		{22939BE5-2586-47AA-B3F7-2418B982A020}.Debug|Any CPU.Build.0 = Debug|Any CPU
		{22939BE5-2586-47AA-B3F7-2418B982A020}.Release|Any CPU.ActiveCfg = Release|Any CPU
		{22939BE5-2586-47AA-B3F7-2418B982A020}.Release|Any CPU.Build.0 = Release|Any CPU
		{0B57277E-F14E-44EF-8374-8F353CAB3CE9}.Debug|Any CPU.ActiveCfg = Debug|Any CPU
		{0B57277E-F14E-44EF-8374-8F353CAB3CE9}.Debug|Any CPU.Build.0 = Debug|Any CPU
		{0B57277E-F14E-44EF-8374-8F353CAB3CE9}.Release|Any CPU.ActiveCfg = Release|Any CPU
		{0B57277E-F14E-44EF-8374-8F353CAB3CE9}.Release|Any CPU.Build.0 = Release|Any CPU
		{334B2246-8E27-49DA-A7C6-E3AEBD31A905}.Debug|Any CPU.ActiveCfg = Debug|Any CPU
		{334B2246-8E27-49DA-A7C6-E3AEBD31A905}.Debug|Any CPU.Build.0 = Debug|Any CPU
		{334B2246-8E27-49DA-A7C6-E3AEBD31A905}.Release|Any CPU.ActiveCfg = Release|Any CPU
		{334B2246-8E27-49DA-A7C6-E3AEBD31A905}.Release|Any CPU.Build.0 = Release|Any CPU
		{9274ACEA-B20A-45DC-84C4-3ED4AB259337}.Debug|Any CPU.ActiveCfg = Debug|Any CPU
		{9274ACEA-B20A-45DC-84C4-3ED4AB259337}.Debug|Any CPU.Build.0 = Debug|Any CPU
		{9274ACEA-B20A-45DC-84C4-3ED4AB259337}.Release|Any CPU.ActiveCfg = Release|Any CPU
		{9274ACEA-B20A-45DC-84C4-3ED4AB259337}.Release|Any CPU.Build.0 = Release|Any CPU
		{A1056AFB-4480-41E5-9E0C-7416BB9E3ECF}.Debug|Any CPU.ActiveCfg = Debug|Any CPU
		{A1056AFB-4480-41E5-9E0C-7416BB9E3ECF}.Debug|Any CPU.Build.0 = Debug|Any CPU
		{A1056AFB-4480-41E5-9E0C-7416BB9E3ECF}.Release|Any CPU.ActiveCfg = Release|Any CPU
		{A1056AFB-4480-41E5-9E0C-7416BB9E3ECF}.Release|Any CPU.Build.0 = Release|Any CPU
		{6187EF1D-A11E-4283-BCEF-3FE4471FA92E}.Debug|Any CPU.ActiveCfg = Debug|Any CPU
		{6187EF1D-A11E-4283-BCEF-3FE4471FA92E}.Debug|Any CPU.Build.0 = Debug|Any CPU
		{6187EF1D-A11E-4283-BCEF-3FE4471FA92E}.Release|Any CPU.ActiveCfg = Release|Any CPU
		{6187EF1D-A11E-4283-BCEF-3FE4471FA92E}.Release|Any CPU.Build.0 = Release|Any CPU
		{92315FBF-078B-465C-9237-159EF2A73C4E}.Debug|Any CPU.ActiveCfg = Debug|Any CPU
		{92315FBF-078B-465C-9237-159EF2A73C4E}.Debug|Any CPU.Build.0 = Debug|Any CPU
		{92315FBF-078B-465C-9237-159EF2A73C4E}.Release|Any CPU.ActiveCfg = Release|Any CPU
		{92315FBF-078B-465C-9237-159EF2A73C4E}.Release|Any CPU.Build.0 = Release|Any CPU
		{83DE80AE-782D-494F-A61F-A655471E64DC}.Debug|Any CPU.ActiveCfg = Debug|Any CPU
		{83DE80AE-782D-494F-A61F-A655471E64DC}.Debug|Any CPU.Build.0 = Debug|Any CPU
		{83DE80AE-782D-494F-A61F-A655471E64DC}.Release|Any CPU.ActiveCfg = Release|Any CPU
		{83DE80AE-782D-494F-A61F-A655471E64DC}.Release|Any CPU.Build.0 = Release|Any CPU
		{0584B7AB-1458-4D34-BC90-19C14A3DE6CC}.Debug|Any CPU.ActiveCfg = Debug|Any CPU
		{0584B7AB-1458-4D34-BC90-19C14A3DE6CC}.Debug|Any CPU.Build.0 = Debug|Any CPU
		{0584B7AB-1458-4D34-BC90-19C14A3DE6CC}.Release|Any CPU.ActiveCfg = Release|Any CPU
		{0584B7AB-1458-4D34-BC90-19C14A3DE6CC}.Release|Any CPU.Build.0 = Release|Any CPU
		{FFC5233C-1185-4EFC-90CC-42DC4F36C3A3}.Debug|Any CPU.ActiveCfg = Debug|Any CPU
		{FFC5233C-1185-4EFC-90CC-42DC4F36C3A3}.Debug|Any CPU.Build.0 = Debug|Any CPU
		{FFC5233C-1185-4EFC-90CC-42DC4F36C3A3}.Release|Any CPU.ActiveCfg = Release|Any CPU
		{FFC5233C-1185-4EFC-90CC-42DC4F36C3A3}.Release|Any CPU.Build.0 = Release|Any CPU
		{0F1C599B-4B9A-4DD6-8EEA-86B1AEA8D25C}.Debug|Any CPU.ActiveCfg = Debug|Any CPU
		{0F1C599B-4B9A-4DD6-8EEA-86B1AEA8D25C}.Debug|Any CPU.Build.0 = Debug|Any CPU
		{0F1C599B-4B9A-4DD6-8EEA-86B1AEA8D25C}.Release|Any CPU.ActiveCfg = Release|Any CPU
		{0F1C599B-4B9A-4DD6-8EEA-86B1AEA8D25C}.Release|Any CPU.Build.0 = Release|Any CPU
		{7E113259-4B35-4285-9BE1-A40FBDEEA6FF}.Debug|Any CPU.ActiveCfg = Debug|Any CPU
		{7E113259-4B35-4285-9BE1-A40FBDEEA6FF}.Debug|Any CPU.Build.0 = Debug|Any CPU
		{7E113259-4B35-4285-9BE1-A40FBDEEA6FF}.Release|Any CPU.ActiveCfg = Release|Any CPU
		{7E113259-4B35-4285-9BE1-A40FBDEEA6FF}.Release|Any CPU.Build.0 = Release|Any CPU
		{B54C91B7-44C3-4DBB-81F9-F1489FDFB6C5}.Debug|Any CPU.ActiveCfg = Debug|Any CPU
		{B54C91B7-44C3-4DBB-81F9-F1489FDFB6C5}.Debug|Any CPU.Build.0 = Debug|Any CPU
		{B54C91B7-44C3-4DBB-81F9-F1489FDFB6C5}.Release|Any CPU.ActiveCfg = Release|Any CPU
		{B54C91B7-44C3-4DBB-81F9-F1489FDFB6C5}.Release|Any CPU.Build.0 = Release|Any CPU
		{EC941597-C0F0-4692-8296-0FAF01D8B768}.Debug|Any CPU.ActiveCfg = Debug|Any CPU
		{EC941597-C0F0-4692-8296-0FAF01D8B768}.Debug|Any CPU.Build.0 = Debug|Any CPU
		{EC941597-C0F0-4692-8296-0FAF01D8B768}.Release|Any CPU.ActiveCfg = Release|Any CPU
		{EC941597-C0F0-4692-8296-0FAF01D8B768}.Release|Any CPU.Build.0 = Release|Any CPU
		{3973C6E5-625A-4C17-89EA-4F0E973C7B7E}.Debug|Any CPU.ActiveCfg = Debug|Any CPU
		{3973C6E5-625A-4C17-89EA-4F0E973C7B7E}.Debug|Any CPU.Build.0 = Debug|Any CPU
		{3973C6E5-625A-4C17-89EA-4F0E973C7B7E}.Release|Any CPU.ActiveCfg = Release|Any CPU
		{3973C6E5-625A-4C17-89EA-4F0E973C7B7E}.Release|Any CPU.Build.0 = Release|Any CPU
		{1FFE6060-8C6D-4856-A5E5-F61366EA3822}.Debug|Any CPU.ActiveCfg = Debug|Any CPU
		{1FFE6060-8C6D-4856-A5E5-F61366EA3822}.Debug|Any CPU.Build.0 = Debug|Any CPU
		{1FFE6060-8C6D-4856-A5E5-F61366EA3822}.Release|Any CPU.ActiveCfg = Release|Any CPU
		{1FFE6060-8C6D-4856-A5E5-F61366EA3822}.Release|Any CPU.Build.0 = Release|Any CPU
		{9ABBEA87-C95F-41AA-B132-E5C6A7762FE6}.Debug|Any CPU.ActiveCfg = Debug|Any CPU
		{9ABBEA87-C95F-41AA-B132-E5C6A7762FE6}.Debug|Any CPU.Build.0 = Debug|Any CPU
		{9ABBEA87-C95F-41AA-B132-E5C6A7762FE6}.Release|Any CPU.ActiveCfg = Release|Any CPU
		{9ABBEA87-C95F-41AA-B132-E5C6A7762FE6}.Release|Any CPU.Build.0 = Release|Any CPU
		{20351705-0E2C-48C4-B110-384613D25357}.Debug|Any CPU.ActiveCfg = Debug|Any CPU
		{20351705-0E2C-48C4-B110-384613D25357}.Debug|Any CPU.Build.0 = Debug|Any CPU
		{20351705-0E2C-48C4-B110-384613D25357}.Release|Any CPU.ActiveCfg = Release|Any CPU
		{20351705-0E2C-48C4-B110-384613D25357}.Release|Any CPU.Build.0 = Release|Any CPU
		{074C682E-B733-4767-BA5A-FA05C9B26C22}.Debug|Any CPU.ActiveCfg = Debug|Any CPU
		{074C682E-B733-4767-BA5A-FA05C9B26C22}.Debug|Any CPU.Build.0 = Debug|Any CPU
		{074C682E-B733-4767-BA5A-FA05C9B26C22}.Release|Any CPU.ActiveCfg = Release|Any CPU
		{074C682E-B733-4767-BA5A-FA05C9B26C22}.Release|Any CPU.Build.0 = Release|Any CPU
	EndGlobalSection
	GlobalSection(SolutionProperties) = preSolution
		HideSolutionNode = FALSE
	EndGlobalSection
	GlobalSection(ExtensibilityGlobals) = postSolution
		SolutionGuid = {221615FB-D35F-48AE-B3E9-63C1F25FC5DF}
	EndGlobalSection
EndGlobal
